
Microsoft Visual Studio Solution File, Format Version 12.00
# Visual Studio Version 17
VisualStudioVersion = 17.2.32616.157
MinimumVisualStudioVersion = 10.0.40219.1
Project("{FAE04EC0-301F-11D3-BF4B-00C04F79EFBC}") = "Translator", "Translator\Translator.csproj", "{181EAC5C-3924-4529-8B1F-2373812FD1DE}"
EndProject
Global
	GlobalSection(SolutionConfigurationPlatforms) = preSolution
		Debug|Any CPU = Debug|Any CPU
		Release|Any CPU = Release|Any CPU
	EndGlobalSection
	GlobalSection(ProjectConfigurationPlatforms) = postSolution
		{181EAC5C-3924-4529-8B1F-2373812FD1DE}.Debug|Any CPU.ActiveCfg = Debug|Any CPU
		{181EAC5C-3924-4529-8B1F-2373812FD1DE}.Debug|Any CPU.Build.0 = Debug|Any CPU
		{181EAC5C-3924-4529-8B1F-2373812FD1DE}.Release|Any CPU.ActiveCfg = Release|Any CPU
		{181EAC5C-3924-4529-8B1F-2373812FD1DE}.Release|Any CPU.Build.0 = Release|Any CPU
	EndGlobalSection
	GlobalSection(SolutionProperties) = preSolution
		HideSolutionNode = FALSE
	EndGlobalSection
	GlobalSection(ExtensibilityGlobals) = postSolution
		SolutionGuid = {7018DABB-71E3-4AFB-9CD5-2F20289CB9D0}
	EndGlobalSection
EndGlobal
